
Microsoft Visual Studio Solution File, Format Version 12.00
# Visual Studio Version 17
VisualStudioVersion = 17.7.34202.233
MinimumVisualStudioVersion = 10.0.40219.1
Project("{FAE04EC0-301F-11D3-BF4B-00C04F79EFBC}") = "Amy_Cherrez_Examen1P", "Amy_Cherrez_Examen1P.csproj", "{1588A47A-64F1-42D4-A22E-6E8348F12C48}"
EndProject
Global
	GlobalSection(SolutionConfigurationPlatforms) = preSolution
		Debug|Any CPU = Debug|Any CPU
		Release|Any CPU = Release|Any CPU
	EndGlobalSection
	GlobalSection(ProjectConfigurationPlatforms) = postSolution
		{1588A47A-64F1-42D4-A22E-6E8348F12C48}.Debug|Any CPU.ActiveCfg = Debug|Any CPU
		{1588A47A-64F1-42D4-A22E-6E8348F12C48}.Debug|Any CPU.Build.0 = Debug|Any CPU
		{1588A47A-64F1-42D4-A22E-6E8348F12C48}.Release|Any CPU.ActiveCfg = Release|Any CPU
		{1588A47A-64F1-42D4-A22E-6E8348F12C48}.Release|Any CPU.Build.0 = Release|Any CPU
	EndGlobalSection
	GlobalSection(SolutionProperties) = preSolution
		HideSolutionNode = FALSE
	EndGlobalSection
	GlobalSection(ExtensibilityGlobals) = postSolution
		SolutionGuid = {80667A8F-B9F5-48DE-97F2-896503556DBC}
	EndGlobalSection
EndGlobal
